
Microsoft Visual Studio Solution File, Format Version 12.00
# Visual Studio Version 16
VisualStudioVersion = 16.0.32228.343
MinimumVisualStudioVersion = 10.0.40219.1
Project("{9A19103F-16F7-4668-BE54-9A1E7A4F7556}") = "NovenyTulelo", "NovenyTulelo\NovenyTulelo.csproj", "{7B289460-1840-4C07-8D0D-95147D596162}"
EndProject
Project("{FAE04EC0-301F-11D3-BF4B-00C04F79EFBC}") = "NovenyTuleloTest", "NovenyTuleloTest\NovenyTuleloTest.csproj", "{72E39797-15CC-4157-9B7A-EE3B3383F0B5}"
EndProject
Global
	GlobalSection(SolutionConfigurationPlatforms) = preSolution
		Debug|Any CPU = Debug|Any CPU
		Release|Any CPU = Release|Any CPU
	EndGlobalSection
	GlobalSection(ProjectConfigurationPlatforms) = postSolution
		{7B289460-1840-4C07-8D0D-95147D596162}.Debug|Any CPU.ActiveCfg = Debug|Any CPU
		{7B289460-1840-4C07-8D0D-95147D596162}.Debug|Any CPU.Build.0 = Debug|Any CPU
		{7B289460-1840-4C07-8D0D-95147D596162}.Release|Any CPU.ActiveCfg = Release|Any CPU
		{7B289460-1840-4C07-8D0D-95147D596162}.Release|Any CPU.Build.0 = Release|Any CPU
		{72E39797-15CC-4157-9B7A-EE3B3383F0B5}.Debug|Any CPU.ActiveCfg = Debug|Any CPU
		{72E39797-15CC-4157-9B7A-EE3B3383F0B5}.Debug|Any CPU.Build.0 = Debug|Any CPU
		{72E39797-15CC-4157-9B7A-EE3B3383F0B5}.Release|Any CPU.ActiveCfg = Release|Any CPU
		{72E39797-15CC-4157-9B7A-EE3B3383F0B5}.Release|Any CPU.Build.0 = Release|Any CPU
	EndGlobalSection
	GlobalSection(SolutionProperties) = preSolution
		HideSolutionNode = FALSE
	EndGlobalSection
	GlobalSection(ExtensibilityGlobals) = postSolution
		SolutionGuid = {7EB78159-566A-47A8-85D4-3854175F40FB}
	EndGlobalSection
EndGlobal
